
Microsoft Visual Studio Solution File, Format Version 12.00
# Visual Studio Version 17
Project("{8BC9CEB8-8B4A-11D0-8D11-00A0C91BC942}") = "ALL_BUILD", "ALL_BUILD.vcxproj", "{D38E2265-A7DB-36C3-A2F7-761B32BEF0F9}"
	ProjectSection(ProjectDependencies) = postProject
		{26BD2683-D62E-3D5A-B8D6-B3A1627A4021} = {26BD2683-D62E-3D5A-B8D6-B3A1627A4021}
		{8D713243-CFBA-3B8D-8EE9-F631F29AD6F5} = {8D713243-CFBA-3B8D-8EE9-F631F29AD6F5}
		{F32157EE-882A-3056-9FC1-3497C43338B7} = {F32157EE-882A-3056-9FC1-3497C43338B7}
		{63EB53C0-79C7-3460-8689-011BDA436563} = {63EB53C0-79C7-3460-8689-011BDA436563}
		{F70ED576-F150-362C-883A-19D1E1024B72} = {F70ED576-F150-362C-883A-19D1E1024B72}
		{2924B4E1-F126-37CC-B3A9-E6585CB8A5BE} = {2924B4E1-F126-37CC-B3A9-E6585CB8A5BE}
		{B0D1B8EE-33CF-315B-BB92-7E1B61ACE62E} = {B0D1B8EE-33CF-315B-BB92-7E1B61ACE62E}
	EndProjectSection
EndProject
Project("{8BC9CEB8-8B4A-11D0-8D11-00A0C91BC942}") = "API", "API.vcxproj", "{26BD2683-D62E-3D5A-B8D6-B3A1627A4021}"
	ProjectSection(ProjectDependencies) = postProject
		{F32157EE-882A-3056-9FC1-3497C43338B7} = {F32157EE-882A-3056-9FC1-3497C43338B7}
		{F70ED576-F150-362C-883A-19D1E1024B72} = {F70ED576-F150-362C-883A-19D1E1024B72}
		{2924B4E1-F126-37CC-B3A9-E6585CB8A5BE} = {2924B4E1-F126-37CC-B3A9-E6585CB8A5BE}
		{B0D1B8EE-33CF-315B-BB92-7E1B61ACE62E} = {B0D1B8EE-33CF-315B-BB92-7E1B61ACE62E}
	EndProjectSection
EndProject
Project("{8BC9CEB8-8B4A-11D0-8D11-00A0C91BC942}") = "Static_lib", "Static_lib.vcxproj", "{8D713243-CFBA-3B8D-8EE9-F631F29AD6F5}"
	ProjectSection(ProjectDependencies) = postProject
		{F32157EE-882A-3056-9FC1-3497C43338B7} = {F32157EE-882A-3056-9FC1-3497C43338B7}
		{F70ED576-F150-362C-883A-19D1E1024B72} = {F70ED576-F150-362C-883A-19D1E1024B72}
		{2924B4E1-F126-37CC-B3A9-E6585CB8A5BE} = {2924B4E1-F126-37CC-B3A9-E6585CB8A5BE}
		{B0D1B8EE-33CF-315B-BB92-7E1B61ACE62E} = {B0D1B8EE-33CF-315B-BB92-7E1B61ACE62E}
	EndProjectSection
EndProject
Project("{8BC9CEB8-8B4A-11D0-8D11-00A0C91BC942}") = "ZERO_CHECK", "ZERO_CHECK.vcxproj", "{F32157EE-882A-3056-9FC1-3497C43338B7}"
	ProjectSection(ProjectDependencies) = postProject
	EndProjectSection
EndProject
Project("{8BC9CEB8-8B4A-11D0-8D11-00A0C91BC942}") = "myAPI", "myAPI.vcxproj", "{63EB53C0-79C7-3460-8689-011BDA436563}"
	ProjectSection(ProjectDependencies) = postProject
		{8D713243-CFBA-3B8D-8EE9-F631F29AD6F5} = {8D713243-CFBA-3B8D-8EE9-F631F29AD6F5}
		{F32157EE-882A-3056-9FC1-3497C43338B7} = {F32157EE-882A-3056-9FC1-3497C43338B7}
		{F70ED576-F150-362C-883A-19D1E1024B72} = {F70ED576-F150-362C-883A-19D1E1024B72}
		{2924B4E1-F126-37CC-B3A9-E6585CB8A5BE} = {2924B4E1-F126-37CC-B3A9-E6585CB8A5BE}
		{B0D1B8EE-33CF-315B-BB92-7E1B61ACE62E} = {B0D1B8EE-33CF-315B-BB92-7E1B61ACE62E}
	EndProjectSection
EndProject
Project("{8BC9CEB8-8B4A-11D0-8D11-00A0C91BC942}") = "random", "random.vcxproj", "{F70ED576-F150-362C-883A-19D1E1024B72}"
	ProjectSection(ProjectDependencies) = postProject
		{F32157EE-882A-3056-9FC1-3497C43338B7} = {F32157EE-882A-3056-9FC1-3497C43338B7}
	EndProjectSection
EndProject
Project("{8BC9CEB8-8B4A-11D0-8D11-00A0C91BC942}") = "shapes", "shapes.vcxproj", "{2924B4E1-F126-37CC-B3A9-E6585CB8A5BE}"
	ProjectSection(ProjectDependencies) = postProject
		{F32157EE-882A-3056-9FC1-3497C43338B7} = {F32157EE-882A-3056-9FC1-3497C43338B7}
		{F70ED576-F150-362C-883A-19D1E1024B72} = {F70ED576-F150-362C-883A-19D1E1024B72}
	EndProjectSection
EndProject
Project("{8BC9CEB8-8B4A-11D0-8D11-00A0C91BC942}") = "writeinfile", "writeinfile.vcxproj", "{B0D1B8EE-33CF-315B-BB92-7E1B61ACE62E}"
	ProjectSection(ProjectDependencies) = postProject
		{F32157EE-882A-3056-9FC1-3497C43338B7} = {F32157EE-882A-3056-9FC1-3497C43338B7}
	EndProjectSection
EndProject
Global
	GlobalSection(SolutionConfigurationPlatforms) = preSolution
		Debug|x64 = Debug|x64
		Release|x64 = Release|x64
		MinSizeRel|x64 = MinSizeRel|x64
		RelWithDebInfo|x64 = RelWithDebInfo|x64
	EndGlobalSection
	GlobalSection(ProjectConfigurationPlatforms) = postSolution
		{D38E2265-A7DB-36C3-A2F7-761B32BEF0F9}.Debug|x64.ActiveCfg = Debug|x64
		{D38E2265-A7DB-36C3-A2F7-761B32BEF0F9}.Release|x64.ActiveCfg = Release|x64
		{D38E2265-A7DB-36C3-A2F7-761B32BEF0F9}.MinSizeRel|x64.ActiveCfg = MinSizeRel|x64
		{D38E2265-A7DB-36C3-A2F7-761B32BEF0F9}.RelWithDebInfo|x64.ActiveCfg = RelWithDebInfo|x64
		{26BD2683-D62E-3D5A-B8D6-B3A1627A4021}.Debug|x64.ActiveCfg = Debug|x64
		{26BD2683-D62E-3D5A-B8D6-B3A1627A4021}.Debug|x64.Build.0 = Debug|x64
		{26BD2683-D62E-3D5A-B8D6-B3A1627A4021}.Release|x64.ActiveCfg = Release|x64
		{26BD2683-D62E-3D5A-B8D6-B3A1627A4021}.Release|x64.Build.0 = Release|x64
		{26BD2683-D62E-3D5A-B8D6-B3A1627A4021}.MinSizeRel|x64.ActiveCfg = MinSizeRel|x64
		{26BD2683-D62E-3D5A-B8D6-B3A1627A4021}.MinSizeRel|x64.Build.0 = MinSizeRel|x64
		{26BD2683-D62E-3D5A-B8D6-B3A1627A4021}.RelWithDebInfo|x64.ActiveCfg = RelWithDebInfo|x64
		{26BD2683-D62E-3D5A-B8D6-B3A1627A4021}.RelWithDebInfo|x64.Build.0 = RelWithDebInfo|x64
		{8D713243-CFBA-3B8D-8EE9-F631F29AD6F5}.Debug|x64.ActiveCfg = Debug|x64
		{8D713243-CFBA-3B8D-8EE9-F631F29AD6F5}.Debug|x64.Build.0 = Debug|x64
		{8D713243-CFBA-3B8D-8EE9-F631F29AD6F5}.Release|x64.ActiveCfg = Release|x64
		{8D713243-CFBA-3B8D-8EE9-F631F29AD6F5}.Release|x64.Build.0 = Release|x64
		{8D713243-CFBA-3B8D-8EE9-F631F29AD6F5}.MinSizeRel|x64.ActiveCfg = MinSizeRel|x64
		{8D713243-CFBA-3B8D-8EE9-F631F29AD6F5}.MinSizeRel|x64.Build.0 = MinSizeRel|x64
		{8D713243-CFBA-3B8D-8EE9-F631F29AD6F5}.RelWithDebInfo|x64.ActiveCfg = RelWithDebInfo|x64
		{8D713243-CFBA-3B8D-8EE9-F631F29AD6F5}.RelWithDebInfo|x64.Build.0 = RelWithDebInfo|x64
		{F32157EE-882A-3056-9FC1-3497C43338B7}.Debug|x64.ActiveCfg = Debug|x64
		{F32157EE-882A-3056-9FC1-3497C43338B7}.Debug|x64.Build.0 = Debug|x64
		{F32157EE-882A-3056-9FC1-3497C43338B7}.Release|x64.ActiveCfg = Release|x64
		{F32157EE-882A-3056-9FC1-3497C43338B7}.Release|x64.Build.0 = Release|x64
		{F32157EE-882A-3056-9FC1-3497C43338B7}.MinSizeRel|x64.ActiveCfg = MinSizeRel|x64
		{F32157EE-882A-3056-9FC1-3497C43338B7}.MinSizeRel|x64.Build.0 = MinSizeRel|x64
		{F32157EE-882A-3056-9FC1-3497C43338B7}.RelWithDebInfo|x64.ActiveCfg = RelWithDebInfo|x64
		{F32157EE-882A-3056-9FC1-3497C43338B7}.RelWithDebInfo|x64.Build.0 = RelWithDebInfo|x64
		{63EB53C0-79C7-3460-8689-011BDA436563}.Debug|x64.ActiveCfg = Debug|x64
		{63EB53C0-79C7-3460-8689-011BDA436563}.Debug|x64.Build.0 = Debug|x64
		{63EB53C0-79C7-3460-8689-011BDA436563}.Release|x64.ActiveCfg = Release|x64
		{63EB53C0-79C7-3460-8689-011BDA436563}.Release|x64.Build.0 = Release|x64
		{63EB53C0-79C7-3460-8689-011BDA436563}.MinSizeRel|x64.ActiveCfg = MinSizeRel|x64
		{63EB53C0-79C7-3460-8689-011BDA436563}.MinSizeRel|x64.Build.0 = MinSizeRel|x64
		{63EB53C0-79C7-3460-8689-011BDA436563}.RelWithDebInfo|x64.ActiveCfg = RelWithDebInfo|x64
		{63EB53C0-79C7-3460-8689-011BDA436563}.RelWithDebInfo|x64.Build.0 = RelWithDebInfo|x64
		{F70ED576-F150-362C-883A-19D1E1024B72}.Debug|x64.ActiveCfg = Debug|x64
		{F70ED576-F150-362C-883A-19D1E1024B72}.Debug|x64.Build.0 = Debug|x64
		{F70ED576-F150-362C-883A-19D1E1024B72}.Release|x64.ActiveCfg = Release|x64
		{F70ED576-F150-362C-883A-19D1E1024B72}.Release|x64.Build.0 = Release|x64
		{F70ED576-F150-362C-883A-19D1E1024B72}.MinSizeRel|x64.ActiveCfg = MinSizeRel|x64
		{F70ED576-F150-362C-883A-19D1E1024B72}.MinSizeRel|x64.Build.0 = MinSizeRel|x64
		{F70ED576-F150-362C-883A-19D1E1024B72}.RelWithDebInfo|x64.ActiveCfg = RelWithDebInfo|x64
		{F70ED576-F150-362C-883A-19D1E1024B72}.RelWithDebInfo|x64.Build.0 = RelWithDebInfo|x64
		{2924B4E1-F126-37CC-B3A9-E6585CB8A5BE}.Debug|x64.ActiveCfg = Debug|x64
		{2924B4E1-F126-37CC-B3A9-E6585CB8A5BE}.Debug|x64.Build.0 = Debug|x64
		{2924B4E1-F126-37CC-B3A9-E6585CB8A5BE}.Release|x64.ActiveCfg = Release|x64
		{2924B4E1-F126-37CC-B3A9-E6585CB8A5BE}.Release|x64.Build.0 = Release|x64
		{2924B4E1-F126-37CC-B3A9-E6585CB8A5BE}.MinSizeRel|x64.ActiveCfg = MinSizeRel|x64
		{2924B4E1-F126-37CC-B3A9-E6585CB8A5BE}.MinSizeRel|x64.Build.0 = MinSizeRel|x64
		{2924B4E1-F126-37CC-B3A9-E6585CB8A5BE}.RelWithDebInfo|x64.ActiveCfg = RelWithDebInfo|x64
		{2924B4E1-F126-37CC-B3A9-E6585CB8A5BE}.RelWithDebInfo|x64.Build.0 = RelWithDebInfo|x64
		{B0D1B8EE-33CF-315B-BB92-7E1B61ACE62E}.Debug|x64.ActiveCfg = Debug|x64
		{B0D1B8EE-33CF-315B-BB92-7E1B61ACE62E}.Debug|x64.Build.0 = Debug|x64
		{B0D1B8EE-33CF-315B-BB92-7E1B61ACE62E}.Release|x64.ActiveCfg = Release|x64
		{B0D1B8EE-33CF-315B-BB92-7E1B61ACE62E}.Release|x64.Build.0 = Release|x64
		{B0D1B8EE-33CF-315B-BB92-7E1B61ACE62E}.MinSizeRel|x64.ActiveCfg = MinSizeRel|x64
		{B0D1B8EE-33CF-315B-BB92-7E1B61ACE62E}.MinSizeRel|x64.Build.0 = MinSizeRel|x64
		{B0D1B8EE-33CF-315B-BB92-7E1B61ACE62E}.RelWithDebInfo|x64.ActiveCfg = RelWithDebInfo|x64
		{B0D1B8EE-33CF-315B-BB92-7E1B61ACE62E}.RelWithDebInfo|x64.Build.0 = RelWithDebInfo|x64
	EndGlobalSection
	GlobalSection(ExtensibilityGlobals) = postSolution
		SolutionGuid = {A741E5A1-50DE-34E3-B02E-9420A4D03FCD}
	EndGlobalSection
	GlobalSection(ExtensibilityAddIns) = postSolution
	EndGlobalSection
EndGlobal
