<?xml version="1.0" encoding="utf-8"?>
<Project ToolsVersion="17.0" xmlns="http://schemas.microsoft.com/developer/msbuild/2003">
  <ItemGroup>
    <ClCompile Include="C:\Users\RaiZZ\source\repos\RaiZZerr\VKR\writefile.cpp">
      <Filter>Source Files</Filter>
    </ClCompile>
  </ItemGroup>
  <ItemGroup>
    <ClInclude Include="C:\Users\RaiZZ\source\repos\RaiZZerr\VKR\writefile.h">
      <Filter>Header Files</Filter>
    </ClInclude>
  </ItemGroup>
  <ItemGroup>
    <CustomBuild Include="C:\Users\RaiZZ\source\repos\RaiZZerr\VKR\CMakeLists.txt" />
  </ItemGroup>
  <ItemGroup>
    <Filter Include="Header Files">
      <UniqueIdentifier>{D87109D5-1788-3411-BCF6-A4F9B91C58B1}</UniqueIdentifier>
    </Filter>
    <Filter Include="Source Files">
      <UniqueIdentifier>{7379E6C0-9D45-31AC-9A68-4D8F47BD527B}</UniqueIdentifier>
    </Filter>
  </ItemGroup>
</Project>
